{
  "nodes": {
    "nixie": {
      "inputs": {
        "nixpkgs": [
          "nixpkgs"
        ]
      },
      "locked": {
        "lastModified": 1641141545,
        "narHash": "sha256-WO+GT1xPCW2jIPWabjVgVMHSEGYLamHF+f8MGu4aG7A=",
        "owner": "c0c0n3",
        "repo": "nixie",
        "rev": "a6d884724f0730f5d4a8ca378eac25888afa2ea5",
        "type": "github"
      },
      "original": {
        "owner": "c0c0n3",
        "repo": "nixie",
        "type": "github"
      }
    },
    "nixpkgs": {
      "locked": {
        "lastModified": 1641870998,
        "narHash": "sha256-6HkxR2WZsm37VoQS7jgp6Omd71iw6t1kP8bDbaqCDuI=",
        "owner": "NixOs",
        "repo": "nixpkgs",
        "rev": "386234e2a61e1e8acf94dfa3a3d3ca19a6776efb",
        "type": "github"
      },
      "original": {
        "owner": "NixOs",
        "ref": "nixos-21.11",
        "repo": "nixpkgs",
        "type": "github"
      }
    },
    "nixpkgs-22-05": {
      "locked": {
        "lastModified": 1664883812,
        "narHash": "sha256-wqBAcVRBxls2nVaNeQaOy9SRg/bvEUiD26TQDprIg8U=",
        "owner": "NixOs",
        "repo": "nixpkgs",
        "rev": "fe76645aaf2fac3baaa2813fd0089930689c53b5",
        "type": "github"
      },
      "original": {
        "owner": "NixOs",
        "ref": "nixos-22.05",
        "repo": "nixpkgs",
        "type": "github"
      }
    },
    "root": {
      "inputs": {
        "nixie": "nixie",
        "nixpkgs": "nixpkgs",
        "nixpkgs-22-05": "nixpkgs-22-05"
      }
    }
  },
  "root": "root",
  "version": 7
}
